
Microsoft Visual Studio Solution File, Format Version 12.00
# Visual Studio Version 16
VisualStudioVersion = 16.0.30523.141
MinimumVisualStudioVersion = 10.0.40219.1
Project("{9A19103F-16F7-4668-BE54-9A1E7A4F7556}") = "CSVParser", "CSVParser\CSVParser.csproj", "{BB235ACF-6A64-44E2-8588-817FDAAE7945}"
EndProject
Project("{FAE04EC0-301F-11D3-BF4B-00C04F79EFBC}") = "CSVParser.Tests", "CSVParser.Tests\CSVParser.Tests.csproj", "{0386AF09-7CD0-4777-9F2D-A4AD21A03272}"
EndProject
Global
	GlobalSection(SolutionConfigurationPlatforms) = preSolution
		Debug|Any CPU = Debug|Any CPU
		Release|Any CPU = Release|Any CPU
	EndGlobalSection
	GlobalSection(ProjectConfigurationPlatforms) = postSolution
		{BB235ACF-6A64-44E2-8588-817FDAAE7945}.Debug|Any CPU.ActiveCfg = Debug|Any CPU
		{BB235ACF-6A64-44E2-8588-817FDAAE7945}.Debug|Any CPU.Build.0 = Debug|Any CPU
		{BB235ACF-6A64-44E2-8588-817FDAAE7945}.Release|Any CPU.ActiveCfg = Release|Any CPU
		{BB235ACF-6A64-44E2-8588-817FDAAE7945}.Release|Any CPU.Build.0 = Release|Any CPU
		{0386AF09-7CD0-4777-9F2D-A4AD21A03272}.Debug|Any CPU.ActiveCfg = Debug|Any CPU
		{0386AF09-7CD0-4777-9F2D-A4AD21A03272}.Debug|Any CPU.Build.0 = Debug|Any CPU
		{0386AF09-7CD0-4777-9F2D-A4AD21A03272}.Release|Any CPU.ActiveCfg = Release|Any CPU
		{0386AF09-7CD0-4777-9F2D-A4AD21A03272}.Release|Any CPU.Build.0 = Release|Any CPU
	EndGlobalSection
	GlobalSection(SolutionProperties) = preSolution
		HideSolutionNode = FALSE
	EndGlobalSection
	GlobalSection(ExtensibilityGlobals) = postSolution
		SolutionGuid = {15C6A7FE-0DC3-4158-86E8-8B5189CEF25D}
	EndGlobalSection
EndGlobal
